
Microsoft Visual Studio Solution File, Format Version 12.00
# Visual Studio 15
VisualStudioVersion = 15.0.26124.0
MinimumVisualStudioVersion = 15.0.26124.0
Project("{FAE04EC0-301F-11D3-BF4B-00C04F79EFBC}") = "PizzaPlace", "PizzaPlace\PizzaPlace.csproj", "{14A803F9-5B59-439C-95E7-D7ED55D049C5}"
EndProject
Project("{FAE04EC0-301F-11D3-BF4B-00C04F79EFBC}") = "PizzaPlace.Tests", "PizzaPlace.Tests\PizzaPlace.Tests.csproj", "{4290D666-9F05-477D-B56D-86172383949A}"
EndProject
Global
	GlobalSection(SolutionConfigurationPlatforms) = preSolution
		Debug|Any CPU = Debug|Any CPU
		Debug|x64 = Debug|x64
		Debug|x86 = Debug|x86
		Release|Any CPU = Release|Any CPU
		Release|x64 = Release|x64
		Release|x86 = Release|x86
	EndGlobalSection
	GlobalSection(SolutionProperties) = preSolution
		HideSolutionNode = FALSE
	EndGlobalSection
	GlobalSection(ProjectConfigurationPlatforms) = postSolution
		{14A803F9-5B59-439C-95E7-D7ED55D049C5}.Debug|Any CPU.ActiveCfg = Debug|Any CPU
		{14A803F9-5B59-439C-95E7-D7ED55D049C5}.Debug|Any CPU.Build.0 = Debug|Any CPU
		{14A803F9-5B59-439C-95E7-D7ED55D049C5}.Debug|x64.ActiveCfg = Debug|Any CPU
		{14A803F9-5B59-439C-95E7-D7ED55D049C5}.Debug|x64.Build.0 = Debug|Any CPU
		{14A803F9-5B59-439C-95E7-D7ED55D049C5}.Debug|x86.ActiveCfg = Debug|Any CPU
		{14A803F9-5B59-439C-95E7-D7ED55D049C5}.Debug|x86.Build.0 = Debug|Any CPU
		{14A803F9-5B59-439C-95E7-D7ED55D049C5}.Release|Any CPU.ActiveCfg = Release|Any CPU
		{14A803F9-5B59-439C-95E7-D7ED55D049C5}.Release|Any CPU.Build.0 = Release|Any CPU
		{14A803F9-5B59-439C-95E7-D7ED55D049C5}.Release|x64.ActiveCfg = Release|Any CPU
		{14A803F9-5B59-439C-95E7-D7ED55D049C5}.Release|x64.Build.0 = Release|Any CPU
		{14A803F9-5B59-439C-95E7-D7ED55D049C5}.Release|x86.ActiveCfg = Release|Any CPU
		{14A803F9-5B59-439C-95E7-D7ED55D049C5}.Release|x86.Build.0 = Release|Any CPU
		{4290D666-9F05-477D-B56D-86172383949A}.Debug|Any CPU.ActiveCfg = Debug|Any CPU
		{4290D666-9F05-477D-B56D-86172383949A}.Debug|Any CPU.Build.0 = Debug|Any CPU
		{4290D666-9F05-477D-B56D-86172383949A}.Debug|x64.ActiveCfg = Debug|Any CPU
		{4290D666-9F05-477D-B56D-86172383949A}.Debug|x64.Build.0 = Debug|Any CPU
		{4290D666-9F05-477D-B56D-86172383949A}.Debug|x86.ActiveCfg = Debug|Any CPU
		{4290D666-9F05-477D-B56D-86172383949A}.Debug|x86.Build.0 = Debug|Any CPU
		{4290D666-9F05-477D-B56D-86172383949A}.Release|Any CPU.ActiveCfg = Release|Any CPU
		{4290D666-9F05-477D-B56D-86172383949A}.Release|Any CPU.Build.0 = Release|Any CPU
		{4290D666-9F05-477D-B56D-86172383949A}.Release|x64.ActiveCfg = Release|Any CPU
		{4290D666-9F05-477D-B56D-86172383949A}.Release|x64.Build.0 = Release|Any CPU
		{4290D666-9F05-477D-B56D-86172383949A}.Release|x86.ActiveCfg = Release|Any CPU
		{4290D666-9F05-477D-B56D-86172383949A}.Release|x86.Build.0 = Release|Any CPU
	EndGlobalSection
EndGlobal
